
Microsoft Visual Studio Solution File, Format Version 12.00
# Visual Studio 15
Project("{FAE04EC0-301F-11D3-BF4B-00C04F79EFBC}") = "Assembly-CSharp", "Assembly-CSharp.csproj", "{34BEE4CD-7914-9BE5-96F2-FBDA0A53183B}"
EndProject
Project("{FAE04EC0-301F-11D3-BF4B-00C04F79EFBC}") = "Assembly-CSharp-Editor", "Assembly-CSharp-Editor.csproj", "{FF8FB40E-6221-A3B1-4103-D0F3AA85BFAE}"
EndProject
Global
	GlobalSection(SolutionConfigurationPlatforms) = preSolution
		Debug|Any CPU = Debug|Any CPU
		Release|Any CPU = Release|Any CPU
	EndGlobalSection
	GlobalSection(ProjectConfigurationPlatforms) = postSolution
		{34BEE4CD-7914-9BE5-96F2-FBDA0A53183B}.Debug|Any CPU.ActiveCfg = Debug|Any CPU
		{34BEE4CD-7914-9BE5-96F2-FBDA0A53183B}.Debug|Any CPU.Build.0 = Debug|Any CPU
		{34BEE4CD-7914-9BE5-96F2-FBDA0A53183B}.Release|Any CPU.ActiveCfg = Release|Any CPU
		{34BEE4CD-7914-9BE5-96F2-FBDA0A53183B}.Release|Any CPU.Build.0 = Release|Any CPU
		{FF8FB40E-6221-A3B1-4103-D0F3AA85BFAE}.Debug|Any CPU.ActiveCfg = Debug|Any CPU
		{FF8FB40E-6221-A3B1-4103-D0F3AA85BFAE}.Debug|Any CPU.Build.0 = Debug|Any CPU
		{FF8FB40E-6221-A3B1-4103-D0F3AA85BFAE}.Release|Any CPU.ActiveCfg = Release|Any CPU
		{FF8FB40E-6221-A3B1-4103-D0F3AA85BFAE}.Release|Any CPU.Build.0 = Release|Any CPU
	EndGlobalSection
	GlobalSection(SolutionProperties) = preSolution
		HideSolutionNode = FALSE
	EndGlobalSection
EndGlobal
